
Microsoft Visual Studio Solution File, Format Version 12.00
# Visual Studio 15
Project("{FAE04EC0-301F-11D3-BF4B-00C04F79EFBC}") = "Assembly-CSharp", "Assembly-CSharp.csproj", "{9121AA46-79A0-683F-A2FC-9861F5AE6610}"
EndProject
Project("{FAE04EC0-301F-11D3-BF4B-00C04F79EFBC}") = "Assembly-CSharp-Editor", "Assembly-CSharp-Editor.csproj", "{5FBDCFB8-811C-1ACB-C333-FD3FAAF9F6C8}"
EndProject
Global
	GlobalSection(SolutionConfigurationPlatforms) = preSolution
		Debug|Any CPU = Debug|Any CPU
		Release|Any CPU = Release|Any CPU
	EndGlobalSection
	GlobalSection(ProjectConfigurationPlatforms) = postSolution
		{9121AA46-79A0-683F-A2FC-9861F5AE6610}.Debug|Any CPU.ActiveCfg = Debug|Any CPU
		{9121AA46-79A0-683F-A2FC-9861F5AE6610}.Debug|Any CPU.Build.0 = Debug|Any CPU
		{9121AA46-79A0-683F-A2FC-9861F5AE6610}.Release|Any CPU.ActiveCfg = Release|Any CPU
		{9121AA46-79A0-683F-A2FC-9861F5AE6610}.Release|Any CPU.Build.0 = Release|Any CPU
		{5FBDCFB8-811C-1ACB-C333-FD3FAAF9F6C8}.Debug|Any CPU.ActiveCfg = Debug|Any CPU
		{5FBDCFB8-811C-1ACB-C333-FD3FAAF9F6C8}.Debug|Any CPU.Build.0 = Debug|Any CPU
		{5FBDCFB8-811C-1ACB-C333-FD3FAAF9F6C8}.Release|Any CPU.ActiveCfg = Release|Any CPU
		{5FBDCFB8-811C-1ACB-C333-FD3FAAF9F6C8}.Release|Any CPU.Build.0 = Release|Any CPU
	EndGlobalSection
	GlobalSection(SolutionProperties) = preSolution
		HideSolutionNode = FALSE
	EndGlobalSection
	GlobalSection(MonoDevelopProperties) = preSolution
		StartupItem = Assembly-CSharp.csproj
	EndGlobalSection
EndGlobal
